{
  "pins" : [
    {
      "identity" : "activityindicatorview",
      "kind" : "remoteSourceControl",
      "location" : "https://github.com/exyte/ActivityIndicatorView",
      "state" : {
        "revision" : "0fb57e69b6130b4beb8ba49eaafe13563f2f6bd6",
        "version" : "1.1.0"
      }
    },
    {
      "identity" : "foodlabel",
      "kind" : "remoteSourceControl",
      "location" : "https://github.com/pxlshpr/FoodLabel",
      "state" : {
        "revision" : "0e4158e55054e57c6f5af8081b5792c626a68882",
        "version" : "0.0.28"
      }
    },
    {
      "identity" : "foodlabelscanner",
      "kind" : "remoteSourceControl",
      "location" : "https://github.com/pxlshpr/FoodLabelScanner",
      "state" : {
        "revision" : "3f3c6b89773cf84b9887f555de196e30eab9b5ec",
        "version" : "0.0.71"
      }
    },
    {
      "identity" : "prepdatatypes",
      "kind" : "remoteSourceControl",
      "location" : "https://github.com/pxlshpr/PrepDataTypes",
      "state" : {
        "revision" : "b717821457563861972337422b6bffb13c592f37",
        "version" : "0.0.107"
      }
    },
    {
      "identity" : "prepnetworkcontroller",
      "kind" : "remoteSourceControl",
      "location" : "https://github.com/pxlshpr/PrepNetworkController",
      "state" : {
        "revision" : "5e98cc0795c25d06c5148fde96f1becff292cad4",
        "version" : "0.0.22"
      }
    },
    {
      "identity" : "swifthaptics",
      "kind" : "remoteSourceControl",
      "location" : "https://github.com/pxlshpr/SwiftHaptics",
      "state" : {
        "revision" : "47ed14412dcd109f124cb7b3b88e3fc8f60569e7",
        "version" : "0.1.2"
      }
    },
    {
      "identity" : "swiftsugar",
      "kind" : "remoteSourceControl",
      "location" : "https://github.com/pxlshpr/SwiftSugar",
      "state" : {
        "revision" : "3ef3d92d9dc3fe6fce56cb244a8ca3840a081be9",
        "version" : "0.0.85"
      }
    },
    {
      "identity" : "swiftuicamera",
      "kind" : "remoteSourceControl",
      "location" : "https://github.com/pxlshpr/SwiftUICamera",
      "state" : {
        "revision" : "dae4323f90b8f1fce72e35e12ac67eb6ac1b0226",
        "version" : "0.0.35"
      }
    },
    {
      "identity" : "swiftuisugar",
      "kind" : "remoteSourceControl",
      "location" : "https://github.com/pxlshpr/SwiftUISugar",
      "state" : {
        "revision" : "da52b5e9c1193bc2ab3f5fa215e0fca87a6004e0",
        "version" : "0.0.214"
      }
    },
    {
      "identity" : "visionsugar",
      "kind" : "remoteSourceControl",
      "location" : "https://github.com/pxlshpr/VisionSugar",
      "state" : {
        "revision" : "919d07aaa0f62c6ce54ee6ad576b54475f951d01",
        "version" : "0.0.73"
      }
    }
  ],
  "version" : 2
}
